{
  "name": "twitter-essay-writer",
  "version": "1.0.0",
  "lockfileVersion": 1,
  "requires": true,
  "dependencies": {
    "@tensorflow/tfjs-core": {
      "version": "0.12.8",
      "resolved": "https://registry.npmjs.org/@tensorflow/tfjs-core/-/tfjs-core-0.12.8.tgz",
      "integrity": "sha512-Rm3HgjZ0hMbWz8Vj/s9wLtP4ddp+1mi7SyrAbcQ9dU/jnjGupiXBWnAUjiSsID5FtBpVYvvlIxSegmWQxcXorg==",
      "requires": {
        "@types/seedrandom": "~2.4.27",
        "@types/webgl-ext": "~0.0.29",
        "@types/webgl2": "~0.0.4",
        "seedrandom": "~2.4.3"
      }
    },
    "@types/seedrandom": {
      "version": "2.4.27",
      "resolved": "https://registry.npmjs.org/@types/seedrandom/-/seedrandom-2.4.27.tgz",
      "integrity": "sha1-nbVjk33YaRX2kJK8QyWdL0hXjkE="
    },
    "@types/webgl-ext": {
      "version": "0.0.29",
      "resolved": "https://registry.npmjs.org/@types/webgl-ext/-/webgl-ext-0.0.29.tgz",
      "integrity": "sha512-ZlVjDQU5Vlc9hF4LGdDldujZUf0amwlwGv1RI2bfvdrEHIl6X/7MZVpemJUjS7NxD9XaKfE8SlFrxsfXpUkt/A=="
    },
    "@types/webgl2": {
      "version": "0.0.4",
      "resolved": "https://registry.npmjs.org/@types/webgl2/-/webgl2-0.0.4.tgz",
      "integrity": "sha512-PACt1xdErJbMUOUweSrbVM7gSIYm1vTncW2hF6Os/EeWi6TXYAYMPp+8v6rzHmypE5gHrxaxZNXgMkJVIdZpHw=="
    },
    "seedrandom": {
      "version": "2.4.3",
      "resolved": "https://registry.npmjs.org/seedrandom/-/seedrandom-2.4.3.tgz",
      "integrity": "sha1-JDhQTa0zkXMUv/GKxNeU8W1qrsw="
    }
  }
}
